
Microsoft Visual Studio Solution File, Format Version 12.00
# Visual Studio Version 17
VisualStudioVersion = 17.7.34202.233
MinimumVisualStudioVersion = 10.0.40219.1
Project("{FAE04EC0-301F-11D3-BF4B-00C04F79EFBC}") = "examen_camionero_AdrianoDiaz", "examen_camionero_AdrianoDiaz.csproj", "{7D48A029-038C-494F-A1FA-7BDCF231DF53}"
EndProject
Global
	GlobalSection(SolutionConfigurationPlatforms) = preSolution
		Debug|Any CPU = Debug|Any CPU
		Release|Any CPU = Release|Any CPU
	EndGlobalSection
	GlobalSection(ProjectConfigurationPlatforms) = postSolution
		{7D48A029-038C-494F-A1FA-7BDCF231DF53}.Debug|Any CPU.ActiveCfg = Debug|Any CPU
		{7D48A029-038C-494F-A1FA-7BDCF231DF53}.Debug|Any CPU.Build.0 = Debug|Any CPU
		{7D48A029-038C-494F-A1FA-7BDCF231DF53}.Release|Any CPU.ActiveCfg = Release|Any CPU
		{7D48A029-038C-494F-A1FA-7BDCF231DF53}.Release|Any CPU.Build.0 = Release|Any CPU
	EndGlobalSection
	GlobalSection(SolutionProperties) = preSolution
		HideSolutionNode = FALSE
	EndGlobalSection
	GlobalSection(ExtensibilityGlobals) = postSolution
		SolutionGuid = {F03FFD98-1D34-4899-B0CA-7542B2C07AEE}
	EndGlobalSection
EndGlobal
