
Microsoft Visual Studio Solution File, Format Version 12.00
# Visual Studio Version 17
VisualStudioVersion = 17.8.34330.188
MinimumVisualStudioVersion = 10.0.40219.1
Project("{FAE04EC0-301F-11D3-BF4B-00C04F79EFBC}") = "prueba00", "prueba00.csproj", "{1D2D38FE-6FBE-44AB-8F16-585A4E688C10}"
EndProject
Global
	GlobalSection(SolutionConfigurationPlatforms) = preSolution
		Debug|Any CPU = Debug|Any CPU
		Release|Any CPU = Release|Any CPU
	EndGlobalSection
	GlobalSection(ProjectConfigurationPlatforms) = postSolution
		{1D2D38FE-6FBE-44AB-8F16-585A4E688C10}.Debug|Any CPU.ActiveCfg = Debug|Any CPU
		{1D2D38FE-6FBE-44AB-8F16-585A4E688C10}.Debug|Any CPU.Build.0 = Debug|Any CPU
		{1D2D38FE-6FBE-44AB-8F16-585A4E688C10}.Release|Any CPU.ActiveCfg = Release|Any CPU
		{1D2D38FE-6FBE-44AB-8F16-585A4E688C10}.Release|Any CPU.Build.0 = Release|Any CPU
	EndGlobalSection
	GlobalSection(SolutionProperties) = preSolution
		HideSolutionNode = FALSE
	EndGlobalSection
	GlobalSection(ExtensibilityGlobals) = postSolution
		SolutionGuid = {9EB39B65-EA2C-4790-8832-0CFE48DD1571}
	EndGlobalSection
EndGlobal
