
Microsoft Visual Studio Solution File, Format Version 12.00
# Visual Studio Version 17
VisualStudioVersion = 17.8.34525.116
MinimumVisualStudioVersion = 10.0.40219.1
Project("{FAE04EC0-301F-11D3-BF4B-00C04F79EFBC}") = "Act_02_report", "Act_02_report.csproj", "{CAAB686B-2FDF-4643-83B1-C99FC20985C8}"
EndProject
Global
	GlobalSection(SolutionConfigurationPlatforms) = preSolution
		Debug|Any CPU = Debug|Any CPU
		Release|Any CPU = Release|Any CPU
	EndGlobalSection
	GlobalSection(ProjectConfigurationPlatforms) = postSolution
		{CAAB686B-2FDF-4643-83B1-C99FC20985C8}.Debug|Any CPU.ActiveCfg = Debug|Any CPU
		{CAAB686B-2FDF-4643-83B1-C99FC20985C8}.Debug|Any CPU.Build.0 = Debug|Any CPU
		{CAAB686B-2FDF-4643-83B1-C99FC20985C8}.Release|Any CPU.ActiveCfg = Release|Any CPU
		{CAAB686B-2FDF-4643-83B1-C99FC20985C8}.Release|Any CPU.Build.0 = Release|Any CPU
	EndGlobalSection
	GlobalSection(SolutionProperties) = preSolution
		HideSolutionNode = FALSE
	EndGlobalSection
	GlobalSection(ExtensibilityGlobals) = postSolution
		SolutionGuid = {BBE13F56-56CA-4234-9D57-2F712E5CA28D}
	EndGlobalSection
EndGlobal
