
Microsoft Visual Studio Solution File, Format Version 12.00
# Visual Studio Version 17
VisualStudioVersion = 17.8.34330.188
MinimumVisualStudioVersion = 10.0.40219.1
Project("{FAE04EC0-301F-11D3-BF4B-00C04F79EFBC}") = "prueba01", "prueba01.csproj", "{EFD1AE49-F7FC-4DCE-95B1-12E23597C73B}"
EndProject
Global
	GlobalSection(SolutionConfigurationPlatforms) = preSolution
		Debug|Any CPU = Debug|Any CPU
		Release|Any CPU = Release|Any CPU
	EndGlobalSection
	GlobalSection(ProjectConfigurationPlatforms) = postSolution
		{EFD1AE49-F7FC-4DCE-95B1-12E23597C73B}.Debug|Any CPU.ActiveCfg = Debug|Any CPU
		{EFD1AE49-F7FC-4DCE-95B1-12E23597C73B}.Debug|Any CPU.Build.0 = Debug|Any CPU
		{EFD1AE49-F7FC-4DCE-95B1-12E23597C73B}.Release|Any CPU.ActiveCfg = Release|Any CPU
		{EFD1AE49-F7FC-4DCE-95B1-12E23597C73B}.Release|Any CPU.Build.0 = Release|Any CPU
	EndGlobalSection
	GlobalSection(SolutionProperties) = preSolution
		HideSolutionNode = FALSE
	EndGlobalSection
	GlobalSection(ExtensibilityGlobals) = postSolution
		SolutionGuid = {D13626F6-BF06-4E94-93B0-AED3AB6F491B}
	EndGlobalSection
EndGlobal
