
Microsoft Visual Studio Solution File, Format Version 12.00
# Visual Studio Version 17
VisualStudioVersion = 17.8.34511.84
MinimumVisualStudioVersion = 10.0.40219.1
Project("{FAE04EC0-301F-11D3-BF4B-00C04F79EFBC}") = "comp03-net-fmwk", "comp03-net-fmwk\comp03-net-fmwk.csproj", "{758C6F39-3E71-492B-AE8C-46ADE80A5D1B}"
EndProject
Global
	GlobalSection(SolutionConfigurationPlatforms) = preSolution
		Debug|Any CPU = Debug|Any CPU
		Release|Any CPU = Release|Any CPU
	EndGlobalSection
	GlobalSection(ProjectConfigurationPlatforms) = postSolution
		{758C6F39-3E71-492B-AE8C-46ADE80A5D1B}.Debug|Any CPU.ActiveCfg = Debug|Any CPU
		{758C6F39-3E71-492B-AE8C-46ADE80A5D1B}.Debug|Any CPU.Build.0 = Debug|Any CPU
		{758C6F39-3E71-492B-AE8C-46ADE80A5D1B}.Release|Any CPU.ActiveCfg = Release|Any CPU
		{758C6F39-3E71-492B-AE8C-46ADE80A5D1B}.Release|Any CPU.Build.0 = Release|Any CPU
	EndGlobalSection
	GlobalSection(SolutionProperties) = preSolution
		HideSolutionNode = FALSE
	EndGlobalSection
	GlobalSection(ExtensibilityGlobals) = postSolution
		SolutionGuid = {C22174FC-344D-4B04-B562-CAA7935C75EF}
	EndGlobalSection
EndGlobal
