
Microsoft Visual Studio Solution File, Format Version 12.00
# Visual Studio Version 17
VisualStudioVersion = 17.9.34607.119
MinimumVisualStudioVersion = 10.0.40219.1
Project("{FAE04EC0-301F-11D3-BF4B-00C04F79EFBC}") = "informe_02", "informe_02\informe_02.csproj", "{60767867-D654-442F-A459-BD1E617FB952}"
EndProject
Global
	GlobalSection(SolutionConfigurationPlatforms) = preSolution
		Debug|Any CPU = Debug|Any CPU
		Release|Any CPU = Release|Any CPU
	EndGlobalSection
	GlobalSection(ProjectConfigurationPlatforms) = postSolution
		{60767867-D654-442F-A459-BD1E617FB952}.Debug|Any CPU.ActiveCfg = Debug|Any CPU
		{60767867-D654-442F-A459-BD1E617FB952}.Debug|Any CPU.Build.0 = Debug|Any CPU
		{60767867-D654-442F-A459-BD1E617FB952}.Release|Any CPU.ActiveCfg = Release|Any CPU
		{60767867-D654-442F-A459-BD1E617FB952}.Release|Any CPU.Build.0 = Release|Any CPU
	EndGlobalSection
	GlobalSection(SolutionProperties) = preSolution
		HideSolutionNode = FALSE
	EndGlobalSection
	GlobalSection(ExtensibilityGlobals) = postSolution
		SolutionGuid = {21600B40-6ABB-4C62-B90F-00992796E8D6}
	EndGlobalSection
EndGlobal
