
Microsoft Visual Studio Solution File, Format Version 12.00
# Visual Studio Version 17
VisualStudioVersion = 17.8.34408.163
MinimumVisualStudioVersion = 10.0.40219.1
Project("{FAE04EC0-301F-11D3-BF4B-00C04F79EFBC}") = "probarComp01-net-fmwk", "probarComp01-net-fmwk.csproj", "{91F8843D-3E82-49D1-B285-09B4D5FC1D2E}"
EndProject
Project("{FAE04EC0-301F-11D3-BF4B-00C04F79EFBC}") = "comp01-net-fmwk", "..\..\..\comp01-net-fmwk\comp01-net-fmwk\comp01-net-fmwk.csproj", "{5603CC52-FB76-4A6A-9B1C-A36C765C5F38}"
EndProject
Project("{FAE04EC0-301F-11D3-BF4B-00C04F79EFBC}") = "comp02-net-fmwk", "..\..\..\comp02-net-fmwk\comp02-net-fmwk\comp02-net-fmwk.csproj", "{E4F37968-95F0-4203-A55F-AA00A6A1AB0C}"
EndProject
Project("{FAE04EC0-301F-11D3-BF4B-00C04F79EFBC}") = "examen-29_01_2024_Adriano_Diaz", "..\..\..\examen-29_01_2024\examen-29_01_2024_Adriano_Diaz\examen-29_01_2024_Adriano_Diaz.csproj", "{32AA65AB-580C-4CE0-8E01-B8FE3E7FAC0F}"
EndProject
Global
	GlobalSection(SolutionConfigurationPlatforms) = preSolution
		Debug|Any CPU = Debug|Any CPU
		Release|Any CPU = Release|Any CPU
	EndGlobalSection
	GlobalSection(ProjectConfigurationPlatforms) = postSolution
		{91F8843D-3E82-49D1-B285-09B4D5FC1D2E}.Debug|Any CPU.ActiveCfg = Debug|Any CPU
		{91F8843D-3E82-49D1-B285-09B4D5FC1D2E}.Debug|Any CPU.Build.0 = Debug|Any CPU
		{91F8843D-3E82-49D1-B285-09B4D5FC1D2E}.Release|Any CPU.ActiveCfg = Release|Any CPU
		{91F8843D-3E82-49D1-B285-09B4D5FC1D2E}.Release|Any CPU.Build.0 = Release|Any CPU
		{5603CC52-FB76-4A6A-9B1C-A36C765C5F38}.Debug|Any CPU.ActiveCfg = Debug|Any CPU
		{5603CC52-FB76-4A6A-9B1C-A36C765C5F38}.Debug|Any CPU.Build.0 = Debug|Any CPU
		{5603CC52-FB76-4A6A-9B1C-A36C765C5F38}.Release|Any CPU.ActiveCfg = Release|Any CPU
		{5603CC52-FB76-4A6A-9B1C-A36C765C5F38}.Release|Any CPU.Build.0 = Release|Any CPU
		{E4F37968-95F0-4203-A55F-AA00A6A1AB0C}.Debug|Any CPU.ActiveCfg = Debug|Any CPU
		{E4F37968-95F0-4203-A55F-AA00A6A1AB0C}.Debug|Any CPU.Build.0 = Debug|Any CPU
		{E4F37968-95F0-4203-A55F-AA00A6A1AB0C}.Release|Any CPU.ActiveCfg = Release|Any CPU
		{E4F37968-95F0-4203-A55F-AA00A6A1AB0C}.Release|Any CPU.Build.0 = Release|Any CPU
		{32AA65AB-580C-4CE0-8E01-B8FE3E7FAC0F}.Debug|Any CPU.ActiveCfg = Debug|Any CPU
		{32AA65AB-580C-4CE0-8E01-B8FE3E7FAC0F}.Debug|Any CPU.Build.0 = Debug|Any CPU
		{32AA65AB-580C-4CE0-8E01-B8FE3E7FAC0F}.Release|Any CPU.ActiveCfg = Release|Any CPU
		{32AA65AB-580C-4CE0-8E01-B8FE3E7FAC0F}.Release|Any CPU.Build.0 = Release|Any CPU
	EndGlobalSection
	GlobalSection(SolutionProperties) = preSolution
		HideSolutionNode = FALSE
	EndGlobalSection
	GlobalSection(ExtensibilityGlobals) = postSolution
		SolutionGuid = {192552B5-6E68-4AFC-9773-97A4AE21DBEF}
	EndGlobalSection
EndGlobal
