
Microsoft Visual Studio Solution File, Format Version 12.00
# Visual Studio Version 17
VisualStudioVersion = 17.8.34330.188
MinimumVisualStudioVersion = 10.0.40219.1
Project("{FAE04EC0-301F-11D3-BF4B-00C04F79EFBC}") = "componente00", "componente00.csproj", "{CCB67B40-2939-412C-A2FE-7428D551CE0E}"
EndProject
Global
	GlobalSection(SolutionConfigurationPlatforms) = preSolution
		Debug|Any CPU = Debug|Any CPU
		Release|Any CPU = Release|Any CPU
	EndGlobalSection
	GlobalSection(ProjectConfigurationPlatforms) = postSolution
		{CCB67B40-2939-412C-A2FE-7428D551CE0E}.Debug|Any CPU.ActiveCfg = Debug|Any CPU
		{CCB67B40-2939-412C-A2FE-7428D551CE0E}.Debug|Any CPU.Build.0 = Debug|Any CPU
		{CCB67B40-2939-412C-A2FE-7428D551CE0E}.Release|Any CPU.ActiveCfg = Release|Any CPU
		{CCB67B40-2939-412C-A2FE-7428D551CE0E}.Release|Any CPU.Build.0 = Release|Any CPU
	EndGlobalSection
	GlobalSection(SolutionProperties) = preSolution
		HideSolutionNode = FALSE
	EndGlobalSection
	GlobalSection(ExtensibilityGlobals) = postSolution
		SolutionGuid = {39641532-BE5F-4F00-B7D2-C321FCDD7823}
	EndGlobalSection
EndGlobal
