
Microsoft Visual Studio Solution File, Format Version 12.00
# Visual Studio Version 17
VisualStudioVersion = 17.8.34525.116
MinimumVisualStudioVersion = 10.0.40219.1
Project("{FAE04EC0-301F-11D3-BF4B-00C04F79EFBC}") = "Act_01", "Act_01.csproj", "{0A7FBA0E-6E4C-458B-A78E-9F9C0A0B5E2C}"
EndProject
Global
	GlobalSection(SolutionConfigurationPlatforms) = preSolution
		Debug|Any CPU = Debug|Any CPU
		Release|Any CPU = Release|Any CPU
	EndGlobalSection
	GlobalSection(ProjectConfigurationPlatforms) = postSolution
		{0A7FBA0E-6E4C-458B-A78E-9F9C0A0B5E2C}.Debug|Any CPU.ActiveCfg = Debug|Any CPU
		{0A7FBA0E-6E4C-458B-A78E-9F9C0A0B5E2C}.Debug|Any CPU.Build.0 = Debug|Any CPU
		{0A7FBA0E-6E4C-458B-A78E-9F9C0A0B5E2C}.Release|Any CPU.ActiveCfg = Release|Any CPU
		{0A7FBA0E-6E4C-458B-A78E-9F9C0A0B5E2C}.Release|Any CPU.Build.0 = Release|Any CPU
	EndGlobalSection
	GlobalSection(SolutionProperties) = preSolution
		HideSolutionNode = FALSE
	EndGlobalSection
	GlobalSection(ExtensibilityGlobals) = postSolution
		SolutionGuid = {3E9B24B3-CC9B-4E64-B81D-8277FDA62FEA}
	EndGlobalSection
EndGlobal
