
Microsoft Visual Studio Solution File, Format Version 12.00
# Visual Studio Version 17
VisualStudioVersion = 17.7.34202.233
MinimumVisualStudioVersion = 10.0.40219.1
Project("{FAE04EC0-301F-11D3-BF4B-00C04F79EFBC}") = "formulario-calculo-salario2", "formulario-calculo-salario2\formulario-calculo-salario2.csproj", "{809309A3-2B6C-48D8-8305-3A9D51C3F646}"
EndProject
Global
	GlobalSection(SolutionConfigurationPlatforms) = preSolution
		Debug|Any CPU = Debug|Any CPU
		Release|Any CPU = Release|Any CPU
	EndGlobalSection
	GlobalSection(ProjectConfigurationPlatforms) = postSolution
		{809309A3-2B6C-48D8-8305-3A9D51C3F646}.Debug|Any CPU.ActiveCfg = Debug|Any CPU
		{809309A3-2B6C-48D8-8305-3A9D51C3F646}.Debug|Any CPU.Build.0 = Debug|Any CPU
		{809309A3-2B6C-48D8-8305-3A9D51C3F646}.Release|Any CPU.ActiveCfg = Release|Any CPU
		{809309A3-2B6C-48D8-8305-3A9D51C3F646}.Release|Any CPU.Build.0 = Release|Any CPU
	EndGlobalSection
	GlobalSection(SolutionProperties) = preSolution
		HideSolutionNode = FALSE
	EndGlobalSection
	GlobalSection(ExtensibilityGlobals) = postSolution
		SolutionGuid = {09F59609-3E1E-4123-9C7D-2A0A4757197F}
	EndGlobalSection
EndGlobal
